
Microsoft Visual Studio Solution File, Format Version 12.00
# Visual Studio Version 17
VisualStudioVersion = 17.10.35013.160
MinimumVisualStudioVersion = 10.0.40219.1
Project("{FAE04EC0-301F-11D3-BF4B-00C04F79EFBC}") = "NavegaTeusMultiPage", "NavegaTeusMultiPage\NavegaTeusMultiPage.csproj", "{0102A8FE-8B5E-4224-928A-104232F8E958}"
EndProject
Global
	GlobalSection(SolutionConfigurationPlatforms) = preSolution
		Debug|Any CPU = Debug|Any CPU
		Release|Any CPU = Release|Any CPU
	EndGlobalSection
	GlobalSection(ProjectConfigurationPlatforms) = postSolution
		{0102A8FE-8B5E-4224-928A-104232F8E958}.Debug|Any CPU.ActiveCfg = Debug|Any CPU
		{0102A8FE-8B5E-4224-928A-104232F8E958}.Debug|Any CPU.Build.0 = Debug|Any CPU
		{0102A8FE-8B5E-4224-928A-104232F8E958}.Release|Any CPU.ActiveCfg = Release|Any CPU
		{0102A8FE-8B5E-4224-928A-104232F8E958}.Release|Any CPU.Build.0 = Release|Any CPU
	EndGlobalSection
	GlobalSection(SolutionProperties) = preSolution
		HideSolutionNode = FALSE
	EndGlobalSection
	GlobalSection(ExtensibilityGlobals) = postSolution
		SolutionGuid = {E207B9DE-FAC0-4555-90E8-24FEDBD04313}
	EndGlobalSection
EndGlobal
